
Microsoft Visual Studio Solution File, Format Version 12.00
# Visual Studio Express 2012 for Windows Desktop
Project("{FAE04EC0-301F-11D3-BF4B-00C04F79EFBC}") = "OrbitsNet", "OrbitsNet\OrbitsNet.csproj", "{9312D0C1-F0D7-4BD4-8B2B-D95EBB9FAB09}"
EndProject
Project("{FAE04EC0-301F-11D3-BF4B-00C04F79EFBC}") = "Core", "Core\Core.csproj", "{99510ED5-99E0-405D-BCAC-9159A7426D61}"
EndProject
Project("{FAE04EC0-301F-11D3-BF4B-00C04F79EFBC}") = "Orbit", "Orbit\Orbit.csproj", "{BAA5FE10-3E3A-4D5D-AB3D-4B50D6AC0321}"
EndProject
Global
	GlobalSection(SolutionConfigurationPlatforms) = preSolution
		Debug|Any CPU = Debug|Any CPU
		Release|Any CPU = Release|Any CPU
	EndGlobalSection
	GlobalSection(ProjectConfigurationPlatforms) = postSolution
		{9312D0C1-F0D7-4BD4-8B2B-D95EBB9FAB09}.Debug|Any CPU.ActiveCfg = Debug|Any CPU
		{9312D0C1-F0D7-4BD4-8B2B-D95EBB9FAB09}.Debug|Any CPU.Build.0 = Debug|Any CPU
		{9312D0C1-F0D7-4BD4-8B2B-D95EBB9FAB09}.Release|Any CPU.ActiveCfg = Release|Any CPU
		{9312D0C1-F0D7-4BD4-8B2B-D95EBB9FAB09}.Release|Any CPU.Build.0 = Release|Any CPU
		{99510ED5-99E0-405D-BCAC-9159A7426D61}.Debug|Any CPU.ActiveCfg = Debug|Any CPU
		{99510ED5-99E0-405D-BCAC-9159A7426D61}.Debug|Any CPU.Build.0 = Debug|Any CPU
		{99510ED5-99E0-405D-BCAC-9159A7426D61}.Release|Any CPU.ActiveCfg = Release|Any CPU
		{99510ED5-99E0-405D-BCAC-9159A7426D61}.Release|Any CPU.Build.0 = Release|Any CPU
		{BAA5FE10-3E3A-4D5D-AB3D-4B50D6AC0321}.Debug|Any CPU.ActiveCfg = Debug|Any CPU
		{BAA5FE10-3E3A-4D5D-AB3D-4B50D6AC0321}.Debug|Any CPU.Build.0 = Debug|Any CPU
		{BAA5FE10-3E3A-4D5D-AB3D-4B50D6AC0321}.Release|Any CPU.ActiveCfg = Release|Any CPU
		{BAA5FE10-3E3A-4D5D-AB3D-4B50D6AC0321}.Release|Any CPU.Build.0 = Release|Any CPU
	EndGlobalSection
	GlobalSection(SolutionProperties) = preSolution
		HideSolutionNode = FALSE
	EndGlobalSection
EndGlobal
